PODS:
  - Flutter (1.0.0)
  - integration_test (0.0.1):
    - Flutter
  - izipay_payment (1.0.0):
    - Flutter

DEPENDENCIES:
  - Flutter (from `Flutter`)
  - integration_test (from `.symlinks/plugins/integration_test/ios`)
  - izipay_payment (from `.symlinks/plugins/izipay_payment/ios`)

EXTERNAL SOURCES:
  Flutter:
    :path: Flutter
  integration_test:
    :path: ".symlinks/plugins/integration_test/ios"
  izipay_payment:
    :path: ".symlinks/plugins/izipay_payment/ios"

SPEC CHECKSUMS:
  Flutter: e0871f40cf51350855a761d2e70bf5af5b9b5de7
  integration_test: 252f60fa39af5e17c3aa9899d35d908a0721b573
  izipay_payment: ed2f40b99645a47c1c066085199b9413b102a09a

PODFILE CHECKSUM: a57f30d18f102dd3ce366b1d62a55ecbef2158e5

COCOAPODS: 1.16.2
